
Microsoft Visual Studio Solution File, Format Version 12.00
# Visual Studio Version 16
VisualStudioVersion = 16.0.29905.134
MinimumVisualStudioVersion = 10.0.40219.1
Project("{FAE04EC0-301F-11D3-BF4B-00C04F79EFBC}") = "FlowerClient", "FlowerClient\FlowerClient.csproj", "{D065A7DC-62AC-4FD3-9BCD-72C38AB6B269}"
EndProject
Project("{54435603-DBB4-11D2-8724-00A0C9A8B90C}") = "SetupDBS-Client", "SetupDBS-Client\SetupDBS-Client.vdproj", "{34FD27E9-F039-46CF-8C45-11626C6056F5}"
EndProject
Global
	GlobalSection(SolutionConfigurationPlatforms) = preSolution
		Debug|Any CPU = Debug|Any CPU
		Release|Any CPU = Release|Any CPU
	EndGlobalSection
	GlobalSection(ProjectConfigurationPlatforms) = postSolution
		{D065A7DC-62AC-4FD3-9BCD-72C38AB6B269}.Debug|Any CPU.ActiveCfg = Debug|Any CPU
		{D065A7DC-62AC-4FD3-9BCD-72C38AB6B269}.Debug|Any CPU.Build.0 = Debug|Any CPU
		{D065A7DC-62AC-4FD3-9BCD-72C38AB6B269}.Release|Any CPU.ActiveCfg = Release|Any CPU
		{D065A7DC-62AC-4FD3-9BCD-72C38AB6B269}.Release|Any CPU.Build.0 = Release|Any CPU
		{34FD27E9-F039-46CF-8C45-11626C6056F5}.Debug|Any CPU.ActiveCfg = Debug
		{34FD27E9-F039-46CF-8C45-11626C6056F5}.Release|Any CPU.ActiveCfg = Release
	EndGlobalSection
	GlobalSection(SolutionProperties) = preSolution
		HideSolutionNode = FALSE
	EndGlobalSection
	GlobalSection(ExtensibilityGlobals) = postSolution
		SolutionGuid = {14091AA0-39B3-4415-89E3-0835F938A54C}
	EndGlobalSection
EndGlobal
